<?xml version="1.0" encoding="utf-8"?>
<Project ToolsVersion="4.0" xmlns="http://schemas.microsoft.com/developer/msbuild/2003">
  <ItemGroup>
    <Filter Include="Source Files">
      <UniqueIdentifier>{04b70333-7799-440d-91ee-d63a1ad2e958}</UniqueIdentifier>
      <Extensions>cpp;c;cxx;rc;def;r;odl;idl;hpj;bat</Extensions>
    </Filter>
    <Filter Include="Header Files">
      <UniqueIdentifier>{56934bef-7a24-40b2-ba7e-4a5cb6e5f532}</UniqueIdentifier>
      <Extensions>h;hpp;hxx;hm;inl</Extensions>
    </Filter>
    <Filter Include="Resource Files">
      <UniqueIdentifier>{4517b19b-c75c-466f-993b-4e0949c22136}</UniqueIdentifier>
      <Extensions>ico;cur;bmp;dlg;rc2;rct;bin;rgs;gif;jpg;jpeg;jpe</Extensions>
    </Filter>
  </ItemGroup>
  <ItemGroup>
    <ClCompile Include="AddTestShipDlg.cpp">
      <Filter>Source Files</Filter>
    </ClCompile>
    <ClCompile Include="AlarmSettingDlg.cpp">
      <Filter>Source Files</Filter>
    </ClCompile>
    <ClCompile Include="CenterRotateMapDlg.cpp">
      <Filter>Source Files</Filter>
    </ClCompile>
    <ClCompile Include="ChangeDepthLineValDlg.cpp">
      <Filter>Source Files</Filter>
    </ClCompile>
    <ClCompile Include="EmulateParamSetDlg.cpp">
      <Filter>Source Files</Filter>
    </ClCompile>
    <ClCompile Include="GeoCalculateDlg.cpp">
      <Filter>Source Files</Filter>
    </ClCompile>
    <ClCompile Include="GeoObjectInfoDlg.cpp">
      <Filter>Source Files</Filter>
    </ClCompile>
    <ClCompile Include="GetAreaOfGeoRegionDlg.cpp">
      <Filter>Source Files</Filter>
    </ClCompile>
    <ClCompile Include="GetDcpaTcpaDlg.cpp">
      <Filter>Source Files</Filter>
    </ClCompile>
    <ClCompile Include="GetDepInfoDlg.cpp">
      <Filter>Source Files</Filter>
    </ClCompile>
    <ClCompile Include="GlobalView.cpp">
      <Filter>Source Files</Filter>
    </ClCompile>
    <ClCompile Include="Grid.cpp">
      <Filter>Source Files</Filter>
    </ClCompile>
    <ClCompile Include="HighlightDepthAreaDlg.cpp">
      <Filter>Source Files</Filter>
    </ClCompile>
    <ClCompile Include="LayerManDlg.cpp">
      <Filter>Source Files</Filter>
    </ClCompile>
    <ClCompile Include="LibFaceStylesViewDlg.cpp">
      <Filter>Source Files</Filter>
    </ClCompile>
    <ClCompile Include="LibLineStylesViewDlg.cpp">
      <Filter>Source Files</Filter>
    </ClCompile>
    <ClCompile Include="LibPointStylesViewDlg.cpp">
      <Filter>Source Files</Filter>
    </ClCompile>
    <ClCompile Include="MainFrm.cpp">
      <Filter>Source Files</Filter>
    </ClCompile>
    <ClCompile Include="MapLayerShowDlg.cpp">
      <Filter>Source Files</Filter>
    </ClCompile>
    <ClCompile Include="MapLibInfoDlg.cpp">
      <Filter>Source Files</Filter>
    </ClCompile>
    <ClCompile Include="msflexgrid.cpp">
      <Filter>Source Files</Filter>
    </ClCompile>
    <ClCompile Include="NavigationDlgBar.cpp">
      <Filter>Source Files</Filter>
    </ClCompile>
    <ClCompile Include="NewMapDlg.cpp">
      <Filter>Source Files</Filter>
    </ClCompile>
    <ClCompile Include="PositionSettingDlg.cpp">
      <Filter>Source Files</Filter>
    </ClCompile>
    <ClCompile Include="PrintTitleSetingDlg.cpp">
      <Filter>Source Files</Filter>
    </ClCompile>
    <ClCompile Include="QueryDialog.cpp">
      <Filter>Source Files</Filter>
    </ClCompile>
    <ClCompile Include="RouteEditDlg.cpp">
      <Filter>Source Files</Filter>
    </ClCompile>
    <ClCompile Include="S63FileDialog.cpp">
      <Filter>Source Files</Filter>
    </ClCompile>
    <ClCompile Include="SaveMapViewToImgDlg.cpp">
      <Filter>Source Files</Filter>
    </ClCompile>
    <ClCompile Include="ScrnPlaneGeoDlg.cpp">
      <Filter>Source Files</Filter>
    </ClCompile>
    <ClCompile Include="SelectedGeoObjectsDlg.cpp">
      <Filter>Source Files</Filter>
    </ClCompile>
    <ClCompile Include="SelOwnShipHistoryTrackDlg.cpp">
      <Filter>Source Files</Filter>
    </ClCompile>
    <ClCompile Include="SetAttenTimes.cpp">
      <Filter>Source Files</Filter>
    </ClCompile>
    <ClCompile Include="SetGridLinesDlg.cpp">
      <Filter>Source Files</Filter>
    </ClCompile>
    <ClCompile Include="SetS63DeviceIDDialog.cpp">
      <Filter>Source Files</Filter>
    </ClCompile>
    <ClCompile Include="SetSafeContourDlg.cpp">
      <Filter>Source Files</Filter>
    </ClCompile>
    <ClCompile Include="SetScaleDlg.cpp">
      <Filter>Source Files</Filter>
    </ClCompile>
    <ClCompile Include="ShipNavEmulator.cpp">
      <Filter>Source Files</Filter>
    </ClCompile>
    <ClCompile Include="StdAfx.cpp">
      <Filter>Source Files</Filter>
    </ClCompile>
    <ClCompile Include="TestAreaWarnDlg.cpp">
      <Filter>Source Files</Filter>
    </ClCompile>
    <ClCompile Include="TestCaculateScaleDlg.cpp">
      <Filter>Source Files</Filter>
    </ClCompile>
    <ClCompile Include="TestLayerObjectDlg.cpp">
      <Filter>Source Files</Filter>
    </ClCompile>
    <ClCompile Include="TestNineNineBoxDlg.cpp">
      <Filter>Source Files</Filter>
    </ClCompile>
    <ClCompile Include="TestShipNearObjWarningDlg.cpp">
      <Filter>Source Files</Filter>
    </ClCompile>
    <ClCompile Include="UserDefineMapDlg.cpp">
      <Filter>Source Files</Filter>
    </ClCompile>
    <ClCompile Include="UserMapLayersDlg.cpp">
      <Filter>Source Files</Filter>
    </ClCompile>
    <ClCompile Include="UserObjPosionOprator.cpp">
      <Filter>Source Files</Filter>
    </ClCompile>
    <ClCompile Include="VcfLayerManDlg.cpp">
      <Filter>Source Files</Filter>
    </ClCompile>
    <ClCompile Include="WaterColorSettingDlg.cpp">
      <Filter>Source Files</Filter>
    </ClCompile>
    <ClCompile Include="YimaEnc.cpp">
      <Filter>Source Files</Filter>
    </ClCompile>
    <ClCompile Include="YIMAENCHEAD.cpp">
      <Filter>Source Files</Filter>
    </ClCompile>
    <ClCompile Include="YimaEncViewer.cpp">
      <Filter>Source Files</Filter>
    </ClCompile>
    <ClCompile Include="YimaEncViewerDoc.cpp">
      <Filter>Source Files</Filter>
    </ClCompile>
    <ClCompile Include="YimaEncViewerView.cpp">
      <Filter>Source Files</Filter>
    </ClCompile>
    <ClCompile Include="RadarInfo.cpp">
      <Filter>Source Files</Filter>
    </ClCompile>
    <ClCompile Include="SetRadarDlg.cpp">
      <Filter>Source Files</Filter>
    </ClCompile>
    <ClCompile Include="NetToODU.cpp">
      <Filter>Source Files</Filter>
    </ClCompile>
    <ClCompile Include="ModifyRadarDlg.cpp">
      <Filter>Source Files</Filter>
    </ClCompile>
    <ClCompile Include="RadarPropertyDlg.cpp">
      <Filter>Source Files</Filter>
    </ClCompile>
    <ClCompile Include="SendData.cpp">
      <Filter>Source Files</Filter>
    </ClCompile>
    <ClCompile Include="AIS.cpp">
      <Filter>Source Files</Filter>
    </ClCompile>
    <ClCompile Include="AisType1.cpp">
      <Filter>Source Files</Filter>
    </ClCompile>
    <ClCompile Include="AisType5.cpp">
      <Filter>Source Files</Filter>
    </ClCompile>
  </ItemGroup>
  <ItemGroup>
    <ResourceCompile Include="YimaEncViewer.rc">
      <Filter>Source Files</Filter>
    </ResourceCompile>
  </ItemGroup>
  <ItemGroup>
    <ClInclude Include="AddTestShipDlg.h">
      <Filter>Header Files</Filter>
    </ClInclude>
    <ClInclude Include="AlarmSettingDlg.h">
      <Filter>Header Files</Filter>
    </ClInclude>
    <ClInclude Include="CenterRotateMapDlg.h">
      <Filter>Header Files</Filter>
    </ClInclude>
    <ClInclude Include="ChangeDepthLineValDlg.h">
      <Filter>Header Files</Filter>
    </ClInclude>
    <ClInclude Include="EmulateParamSetDlg.h">
      <Filter>Header Files</Filter>
    </ClInclude>
    <ClInclude Include="GeoCalculateDlg.h">
      <Filter>Header Files</Filter>
    </ClInclude>
    <ClInclude Include="GeoObjectInfoDlg.h">
      <Filter>Header Files</Filter>
    </ClInclude>
    <ClInclude Include="GetAreaOfGeoRegionDlg.h">
      <Filter>Header Files</Filter>
    </ClInclude>
    <ClInclude Include="GetDcpaTcpaDlg.h">
      <Filter>Header Files</Filter>
    </ClInclude>
    <ClInclude Include="GetDepInfoDlg.h">
      <Filter>Header Files</Filter>
    </ClInclude>
    <ClInclude Include="GlobalView.h">
      <Filter>Header Files</Filter>
    </ClInclude>
    <ClInclude Include="Grid.h">
      <Filter>Header Files</Filter>
    </ClInclude>
    <ClInclude Include="HighlightDepthAreaDlg.h">
      <Filter>Header Files</Filter>
    </ClInclude>
    <ClInclude Include="LayerManDlg.h">
      <Filter>Header Files</Filter>
    </ClInclude>
    <ClInclude Include="LibFaceStylesViewDlg.h">
      <Filter>Header Files</Filter>
    </ClInclude>
    <ClInclude Include="LibLineStylesViewDlg.h">
      <Filter>Header Files</Filter>
    </ClInclude>
    <ClInclude Include="LibPointStylesViewDlg.h">
      <Filter>Header Files</Filter>
    </ClInclude>
    <ClInclude Include="MainFrm.h">
      <Filter>Header Files</Filter>
    </ClInclude>
    <ClInclude Include="MapLayerShowDlg.h">
      <Filter>Header Files</Filter>
    </ClInclude>
    <ClInclude Include="MapLibInfoDlg.h">
      <Filter>Header Files</Filter>
    </ClInclude>
    <ClInclude Include="msflexgrid.h">
      <Filter>Header Files</Filter>
    </ClInclude>
    <ClInclude Include="NavigationDlgBar.h">
      <Filter>Header Files</Filter>
    </ClInclude>
    <ClInclude Include="NewMapDlg.h">
      <Filter>Header Files</Filter>
    </ClInclude>
    <ClInclude Include="PositionSettingDlg.h">
      <Filter>Header Files</Filter>
    </ClInclude>
    <ClInclude Include="PrintTitleSetingDlg.h">
      <Filter>Header Files</Filter>
    </ClInclude>
    <ClInclude Include="QueryDialog.h">
      <Filter>Header Files</Filter>
    </ClInclude>
    <ClInclude Include="Resource.h">
      <Filter>Header Files</Filter>
    </ClInclude>
    <ClInclude Include="RouteEditDlg.h">
      <Filter>Header Files</Filter>
    </ClInclude>
    <ClInclude Include="S63FileDialog.h">
      <Filter>Header Files</Filter>
    </ClInclude>
    <ClInclude Include="SaveMapViewToImgDlg.h">
      <Filter>Header Files</Filter>
    </ClInclude>
    <ClInclude Include="ScrnPlaneGeoDlg.h">
      <Filter>Header Files</Filter>
    </ClInclude>
    <ClInclude Include="SelectedGeoObjectsDlg.h">
      <Filter>Header Files</Filter>
    </ClInclude>
    <ClInclude Include="SelOwnShipHistoryTrackDlg.h">
      <Filter>Header Files</Filter>
    </ClInclude>
    <ClInclude Include="SetAttenTimes.h">
      <Filter>Header Files</Filter>
    </ClInclude>
    <ClInclude Include="SetGridLinesDlg.h">
      <Filter>Header Files</Filter>
    </ClInclude>
    <ClInclude Include="SetS63DeviceIDDialog.h">
      <Filter>Header Files</Filter>
    </ClInclude>
    <ClInclude Include="SetSafeContourDlg.h">
      <Filter>Header Files</Filter>
    </ClInclude>
    <ClInclude Include="SetScaleDlg.h">
      <Filter>Header Files</Filter>
    </ClInclude>
    <ClInclude Include="ShipNavEmulator.h">
      <Filter>Header Files</Filter>
    </ClInclude>
    <ClInclude Include="StdAfx.h">
      <Filter>Header Files</Filter>
    </ClInclude>
    <ClInclude Include="TestAreaWarnDlg.h">
      <Filter>Header Files</Filter>
    </ClInclude>
    <ClInclude Include="TestCaculateScaleDlg.h">
      <Filter>Header Files</Filter>
    </ClInclude>
    <ClInclude Include="TestLayerObjectDlg.h">
      <Filter>Header Files</Filter>
    </ClInclude>
    <ClInclude Include="TestNineNineBoxDlg.h">
      <Filter>Header Files</Filter>
    </ClInclude>
    <ClInclude Include="TestShipNearObjWarningDlg.h">
      <Filter>Header Files</Filter>
    </ClInclude>
    <ClInclude Include="UserDefineMapDlg.h">
      <Filter>Header Files</Filter>
    </ClInclude>
    <ClInclude Include="UserMapLayersDlg.h">
      <Filter>Header Files</Filter>
    </ClInclude>
    <ClInclude Include="UserObjPosionOprator.h">
      <Filter>Header Files</Filter>
    </ClInclude>
    <ClInclude Include="VcfLayerManDlg.h">
      <Filter>Header Files</Filter>
    </ClInclude>
    <ClInclude Include="WaterColorSettingDlg.h">
      <Filter>Header Files</Filter>
    </ClInclude>
    <ClInclude Include="YimaEnc.h">
      <Filter>Header Files</Filter>
    </ClInclude>
    <ClInclude Include="YIMAENCHEAD.H">
      <Filter>Header Files</Filter>
    </ClInclude>
    <ClInclude Include="YimaEncViewer.h">
      <Filter>Header Files</Filter>
    </ClInclude>
    <ClInclude Include="YimaEncViewerDoc.h">
      <Filter>Header Files</Filter>
    </ClInclude>
    <ClInclude Include="YimaEncViewerView.h">
      <Filter>Header Files</Filter>
    </ClInclude>
    <ClInclude Include="RadarInfo.h">
      <Filter>Header Files</Filter>
    </ClInclude>
    <ClInclude Include="SetRadarDlg.h">
      <Filter>Header Files</Filter>
    </ClInclude>
    <ClInclude Include="NetToODU.h">
      <Filter>Header Files</Filter>
    </ClInclude>
    <ClInclude Include="ModifyRadarDlg.h">
      <Filter>Header Files</Filter>
    </ClInclude>
    <ClInclude Include="RadarPropertyDlg.h">
      <Filter>Header Files</Filter>
    </ClInclude>
    <ClInclude Include="SendData.h">
      <Filter>Header Files</Filter>
    </ClInclude>
    <ClInclude Include="AIS.h">
      <Filter>Header Files</Filter>
    </ClInclude>
    <ClInclude Include="AisType1.h">
      <Filter>Header Files</Filter>
    </ClInclude>
    <ClInclude Include="AisType5.h">
      <Filter>Header Files</Filter>
    </ClInclude>
  </ItemGroup>
  <ItemGroup>
    <None Include="res\bitmap1.bmp">
      <Filter>Resource Files</Filter>
    </None>
    <None Include="res\bitmap2.bmp">
      <Filter>Resource Files</Filter>
    </None>
    <None Include="res\bmp00001.bmp">
      <Filter>Resource Files</Filter>
    </None>
    <None Include="res\emulate_.bmp">
      <Filter>Resource Files</Filter>
    </None>
    <None Include="res\Toolbar.bmp">
      <Filter>Resource Files</Filter>
    </None>
    <None Include="res\YimaEncViewer.ico">
      <Filter>Resource Files</Filter>
    </None>
    <None Include="res\YimaEncViewer.rc2">
      <Filter>Resource Files</Filter>
    </None>
    <None Include="res\YimaEncViewerDoc.ico">
      <Filter>Resource Files</Filter>
    </None>
    <None Include="ReadMe.txt" />
    <None Include="SetAttenTimes.htm" />
    <None Include="res\cursor1.cur">
      <Filter>Resource Files</Filter>
    </None>
  </ItemGroup>
</Project>